
Microsoft Visual Studio Solution File, Format Version 12.00
# Visual Studio Version 17
VisualStudioVersion = 17.1.32210.238
MinimumVisualStudioVersion = 10.0.40219.1
Project("{FAE04EC0-301F-11D3-BF4B-00C04F79EFBC}") = "FirstGme", "FirstGme\FirstGme.csproj", "{1F789541-E14B-48E5-90C4-6CF59125D762}"
EndProject
Global
	GlobalSection(SolutionConfigurationPlatforms) = preSolution
		Debug|Any CPU = Debug|Any CPU
		Release|Any CPU = Release|Any CPU
	EndGlobalSection
	GlobalSection(ProjectConfigurationPlatforms) = postSolution
		{1F789541-E14B-48E5-90C4-6CF59125D762}.Debug|Any CPU.ActiveCfg = Debug|Any CPU
		{1F789541-E14B-48E5-90C4-6CF59125D762}.Debug|Any CPU.Build.0 = Debug|Any CPU
		{1F789541-E14B-48E5-90C4-6CF59125D762}.Release|Any CPU.ActiveCfg = Release|Any CPU
		{1F789541-E14B-48E5-90C4-6CF59125D762}.Release|Any CPU.Build.0 = Release|Any CPU
	EndGlobalSection
	GlobalSection(SolutionProperties) = preSolution
		HideSolutionNode = FALSE
	EndGlobalSection
	GlobalSection(ExtensibilityGlobals) = postSolution
		SolutionGuid = {2817051E-AC62-4226-8F83-401AF47DEB26}
	EndGlobalSection
EndGlobal
